
Microsoft Visual Studio Solution File, Format Version 12.00
# Visual Studio Version 17
VisualStudioVersion = 17.0.32014.148
MinimumVisualStudioVersion = 10.0.40219.1
Project("{FAE04EC0-301F-11D3-BF4B-00C04F79EFBC}") = "InspecaoAPI", "InspecaoAPI.csproj", "{9AFB89FE-2ABB-4CF2-8D84-ABC087ED6CB9}"
EndProject
Global
	GlobalSection(SolutionConfigurationPlatforms) = preSolution
		Debug|Any CPU = Debug|Any CPU
		Release|Any CPU = Release|Any CPU
	EndGlobalSection
	GlobalSection(ProjectConfigurationPlatforms) = postSolution
		{9AFB89FE-2ABB-4CF2-8D84-ABC087ED6CB9}.Debug|Any CPU.ActiveCfg = Debug|Any CPU
		{9AFB89FE-2ABB-4CF2-8D84-ABC087ED6CB9}.Debug|Any CPU.Build.0 = Debug|Any CPU
		{9AFB89FE-2ABB-4CF2-8D84-ABC087ED6CB9}.Release|Any CPU.ActiveCfg = Release|Any CPU
		{9AFB89FE-2ABB-4CF2-8D84-ABC087ED6CB9}.Release|Any CPU.Build.0 = Release|Any CPU
	EndGlobalSection
	GlobalSection(SolutionProperties) = preSolution
		HideSolutionNode = FALSE
	EndGlobalSection
	GlobalSection(ExtensibilityGlobals) = postSolution
		SolutionGuid = {6FD0F9A2-9B23-49F4-97A5-E0077CB5F09C}
	EndGlobalSection
EndGlobal
